// !$*UTF8*$!
{
	archiveVersion = 1;
	classes = {
	};
	objectVersion = 46;
	objects = {

/* Begin PBXBuildFile section */
		85CFCA37C7C2EAAFBEB0F07F /* libPods.a in Frameworks */ = {isa = PBXBuildFile; fileRef = 017FE166D734EA4A9DE702D1 /* libPods.a */; };
		EC1419661B8599E200C1D8E6 /* SudoCareManager.m in Sources */ = {isa = PBXBuildFile; fileRef = EC1419651B8599E200C1D8E6 /* SudoCareManager.m */; };
		EC1419691B8599E800C1D8E6 /* Constants.m in Sources */ = {isa = PBXBuildFile; fileRef = EC1419681B8599E800C1D8E6 /* Constants.m */; };
		EC664F541B832C3C0071CCEB /* main.m in Sources */ = {isa = PBXBuildFile; fileRef = EC664F531B832C3C0071CCEB /* main.m */; };
		EC664F571B832C3C0071CCEB /* AppDelegate.m in Sources */ = {isa = PBXBuildFile; fileRef = EC664F561B832C3C0071CCEB /* AppDelegate.m */; };
		EC664F621B832C3C0071CCEB /* LaunchScreen.xib in Resources */ = {isa = PBXBuildFile; fileRef = EC664F601B832C3C0071CCEB /* LaunchScreen.xib */; };
		EC664F6E1B832C3C0071CCEB /* SudoThingTests.m in Sources */ = {isa = PBXBuildFile; fileRef = EC664F6D1B832C3C0071CCEB /* SudoThingTests.m */; };
		EC664F7C1B832E5A0071CCEB /* DesignStoryboard.storyboard in Resources */ = {isa = PBXBuildFile; fileRef = EC664F7B1B832E5A0071CCEB /* DesignStoryboard.storyboard */; };
		EC664F851B832E640071CCEB /* EntryViewController.m in Sources */ = {isa = PBXBuildFile; fileRef = EC664F7E1B832E640071CCEB /* EntryViewController.m */; };
		EC664F861B832E640071CCEB /* LoginViewController.m in Sources */ = {isa = PBXBuildFile; fileRef = EC664F801B832E640071CCEB /* LoginViewController.m */; };
		EC664F871B832E640071CCEB /* ProfileViewController.m in Sources */ = {isa = PBXBuildFile; fileRef = EC664F821B832E640071CCEB /* ProfileViewController.m */; };
		EC664F881B832E640071CCEB /* SignupViewController.m in Sources */ = {isa = PBXBuildFile; fileRef = EC664F841B832E640071CCEB /* SignupViewController.m */; };
		EC664F931B832E820071CCEB /* machine@2x.png in Resources */ = {isa = PBXBuildFile; fileRef = EC664F891B832E820071CCEB /* machine@2x.png */; };
		EC664F941B832E820071CCEB /* cooking.png in Resources */ = {isa = PBXBuildFile; fileRef = EC664F8A1B832E820071CCEB /* cooking.png */; };
		EC664F951B832E820071CCEB /* cooking@2x.png in Resources */ = {isa = PBXBuildFile; fileRef = EC664F8B1B832E820071CCEB /* cooking@2x.png */; };
		EC664F961B832E820071CCEB /* kombucha-dark@2x.png in Resources */ = {isa = PBXBuildFile; fileRef = EC664F8C1B832E820071CCEB /* kombucha-dark@2x.png */; };
		EC664F971B832E820071CCEB /* markers@2x.png in Resources */ = {isa = PBXBuildFile; fileRef = EC664F8D1B832E820071CCEB /* markers@2x.png */; };
		EC664F981B832E820071CCEB /* 3dprint@2x.png in Resources */ = {isa = PBXBuildFile; fileRef = EC664F8E1B832E820071CCEB /* 3dprint@2x.png */; };
		EC664F991B832E820071CCEB /* records@2x.png in Resources */ = {isa = PBXBuildFile; fileRef = EC664F8F1B832E820071CCEB /* records@2x.png */; };
		EC664F9A1B832E820071CCEB /* icon_x.png in Resources */ = {isa = PBXBuildFile; fileRef = EC664F901B832E820071CCEB /* icon_x.png */; };
		EC664F9B1B832E820071CCEB /* icon_x@2x.png in Resources */ = {isa = PBXBuildFile; fileRef = EC664F911B832E820071CCEB /* icon_x@2x.png */; };
		EC664F9C1B832E820071CCEB /* Images.xcassets in Resources */ = {isa = PBXBuildFile; fileRef = EC664F921B832E820071CCEB /* Images.xcassets */; };
		EC664FA51B832E8D0071CCEB /* TPKeyboardAvoidingCollectionView.m in Sources */ = {isa = PBXBuildFile; fileRef = EC664F9E1B832E8D0071CCEB /* TPKeyboardAvoidingCollectionView.m */; };
		EC664FA61B832E8D0071CCEB /* TPKeyboardAvoidingScrollView.m in Sources */ = {isa = PBXBuildFile; fileRef = EC664FA01B832E8D0071CCEB /* TPKeyboardAvoidingScrollView.m */; };
		EC664FA71B832E8D0071CCEB /* TPKeyboardAvoidingTableView.m in Sources */ = {isa = PBXBuildFile; fileRef = EC664FA21B832E8D0071CCEB /* TPKeyboardAvoidingTableView.m */; };
		EC664FA81B832E8D0071CCEB /* UIScrollView+TPKeyboardAvoidingAdditions.m in Sources */ = {isa = PBXBuildFile; fileRef = EC664FA41B832E8D0071CCEB /* UIScrollView+TPKeyboardAvoidingAdditions.m */; };
		ECCA331B1B8536BB0085DEA2 /* SudoThingViewController.m in Sources */ = {isa = PBXBuildFile; fileRef = ECCA331A1B8536BB0085DEA2 /* SudoThingViewController.m */; };
		ECCA331E1B8541090085DEA2 /* WebViewController.m in Sources */ = {isa = PBXBuildFile; fileRef = ECCA331D1B8541090085DEA2 /* WebViewController.m */; };
		ECCA33251B8557760085DEA2 /* AddThingViewController.m in Sources */ = {isa = PBXBuildFile; fileRef = ECCA33241B8557760085DEA2 /* AddThingViewController.m */; };
/* End PBXBuildFile section */

/* Begin PBXContainerItemProxy section */
		EC664F681B832C3C0071CCEB /* PBXContainerItemProxy */ = {
			isa = PBXContainerItemProxy;
			containerPortal = EC664F461B832C3C0071CCEB /* Project object */;
			proxyType = 1;
			remoteGlobalIDString = EC664F4D1B832C3C0071CCEB;
			remoteInfo = SudoThing;
		};
/* End PBXContainerItemProxy section */

/* Begin PBXFileReference section */
		017FE166D734EA4A9DE702D1 /* libPods.a */ = {isa = PBXFileReference; explicitFileType = archive.ar; includeInIndex = 0; path = libPods.a; sourceTree = BUILT_PRODUCTS_DIR; };
		2A559E7054AEC825EB23A059 /* Pods.debug.xcconfig */ = {isa = PBXFileReference; includeInIndex = 1; lastKnownFileType = text.xcconfig; name = Pods.debug.xcconfig; path = "Pods/Target Support Files/Pods/Pods.debug.xcconfig"; sourceTree = "<group>"; };
		E0CB3BE9E2A8460A38844017 /* Pods.release.xcconfig */ = {isa = PBXFileReference; includeInIndex = 1; lastKnownFileType = text.xcconfig; name = Pods.release.xcconfig; path = "Pods/Target Support Files/Pods/Pods.release.xcconfig"; sourceTree = "<group>"; };
		EC1419641B8599E200C1D8E6 /* SudoCareManager.h */ = {isa = PBXFileReference; fileEncoding = 4; lastKnownFileType = sourcecode.c.h; path = SudoCareManager.h; sourceTree = "<group>"; };
		EC1419651B8599E200C1D8E6 /* SudoCareManager.m */ = {isa = PBXFileReference; fileEncoding = 4; lastKnownFileType = sourcecode.c.objc; path = SudoCareManager.m; sourceTree = "<group>"; };
		EC1419671B8599E800C1D8E6 /* Constants.h */ = {isa = PBXFileReference; fileEncoding = 4; lastKnownFileType = sourcecode.c.h; path = Constants.h; sourceTree = "<group>"; };
		EC1419681B8599E800C1D8E6 /* Constants.m */ = {isa = PBXFileReference; fileEncoding = 4; lastKnownFileType = sourcecode.c.objc; path = Constants.m; sourceTree = "<group>"; };
		EC664F4E1B832C3C0071CCEB /* SudoThing.app */ = {isa = PBXFileReference; explicitFileType = wrapper.application; includeInIndex = 0; path = SudoThing.app; sourceTree = BUILT_PRODUCTS_DIR; };
		EC664F521B832C3C0071CCEB /* Info.plist */ = {isa = PBXFileReference; lastKnownFileType = text.plist.xml; path = Info.plist; sourceTree = "<group>"; };
		EC664F531B832C3C0071CCEB /* main.m */ = {isa = PBXFileReference; lastKnownFileType = sourcecode.c.objc; path = main.m; sourceTree = "<group>"; };
		EC664F551B832C3C0071CCEB /* AppDelegate.h */ = {isa = PBXFileReference; lastKnownFileType = sourcecode.c.h; path = AppDelegate.h; sourceTree = "<group>"; };
		EC664F561B832C3C0071CCEB /* AppDelegate.m */ = {isa = PBXFileReference; lastKnownFileType = sourcecode.c.objc; path = AppDelegate.m; sourceTree = "<group>"; };
		EC664F611B832C3C0071CCEB /* Base */ = {isa = PBXFileReference; lastKnownFileType = file.xib; name = Base; path = Base.lproj/LaunchScreen.xib; sourceTree = "<group>"; };
		EC664F671B832C3C0071CCEB /* SudoThingTests.xctest */ = {isa = PBXFileReference; explicitFileType = wrapper.cfbundle; includeInIndex = 0; path = SudoThingTests.xctest; sourceTree = BUILT_PRODUCTS_DIR; };
		EC664F6C1B832C3C0071CCEB /* Info.plist */ = {isa = PBXFileReference; lastKnownFileType = text.plist.xml; path = Info.plist; sourceTree = "<group>"; };
		EC664F6D1B832C3C0071CCEB /* SudoThingTests.m */ = {isa = PBXFileReference; lastKnownFileType = sourcecode.c.objc; path = SudoThingTests.m; sourceTree = "<group>"; };
		EC664F771B832E360071CCEB /* SecretKeys.h */ = {isa = PBXFileReference; fileEncoding = 4; lastKnownFileType = sourcecode.c.h; path = SecretKeys.h; sourceTree = "<group>"; };
		EC664F7B1B832E5A0071CCEB /* DesignStoryboard.storyboard */ = {isa = PBXFileReference; fileEncoding = 4; lastKnownFileType = file.storyboard; path = DesignStoryboard.storyboard; sourceTree = "<group>"; };
		EC664F7D1B832E640071CCEB /* EntryViewController.h */ = {isa = PBXFileReference; fileEncoding = 4; lastKnownFileType = sourcecode.c.h; path = EntryViewController.h; sourceTree = "<group>"; };
		EC664F7E1B832E640071CCEB /* EntryViewController.m */ = {isa = PBXFileReference; fileEncoding = 4; lastKnownFileType = sourcecode.c.objc; path = EntryViewController.m; sourceTree = "<group>"; };
		EC664F7F1B832E640071CCEB /* LoginViewController.h */ = {isa = PBXFileReference; fileEncoding = 4; lastKnownFileType = sourcecode.c.h; path = LoginViewController.h; sourceTree = "<group>"; };
		EC664F801B832E640071CCEB /* LoginViewController.m */ = {isa = PBXFileReference; fileEncoding = 4; lastKnownFileType = sourcecode.c.objc; path = LoginViewController.m; sourceTree = "<group>"; };
		EC664F811B832E640071CCEB /* ProfileViewController.h */ = {isa = PBXFileReference; fileEncoding = 4; lastKnownFileType = sourcecode.c.h; path = ProfileViewController.h; sourceTree = "<group>"; };
		EC664F821B832E640071CCEB /* ProfileViewController.m */ = {isa = PBXFileReference; fileEncoding = 4; lastKnownFileType = sourcecode.c.objc; path = ProfileViewController.m; sourceTree = "<group>"; };
		EC664F831B832E640071CCEB /* SignupViewController.h */ = {isa = PBXFileReference; fileEncoding = 4; lastKnownFileType = sourcecode.c.h; path = SignupViewController.h; sourceTree = "<group>"; };
		EC664F841B832E640071CCEB /* SignupViewController.m */ = {isa = PBXFileReference; fileEncoding = 4; lastKnownFileType = sourcecode.c.objc; path = SignupViewController.m; sourceTree = "<group>"; };
		EC664F891B832E820071CCEB /* machine@2x.png */ = {isa = PBXFileReference; lastKnownFileType = image.png; path = "machine@2x.png"; sourceTree = "<group>"; };
		EC664F8A1B832E820071CCEB /* cooking.png */ = {isa = PBXFileReference; lastKnownFileType = image.png; path = cooking.png; sourceTree = "<group>"; };
		EC664F8B1B832E820071CCEB /* cooking@2x.png */ = {isa = PBXFileReference; lastKnownFileType = image.png; path = "cooking@2x.png"; sourceTree = "<group>"; };
		EC664F8C1B832E820071CCEB /* kombucha-dark@2x.png */ = {isa = PBXFileReference; lastKnownFileType = image.png; path = "kombucha-dark@2x.png"; sourceTree = "<group>"; };
		EC664F8D1B832E820071CCEB /* markers@2x.png */ = {isa = PBXFileReference; lastKnownFileType = image.png; path = "markers@2x.png"; sourceTree = "<group>"; };
		EC664F8E1B832E820071CCEB /* 3dprint@2x.png */ = {isa = PBXFileReference; lastKnownFileType = image.png; path = "3dprint@2x.png"; sourceTree = "<group>"; };
		EC664F8F1B832E820071CCEB /* records@2x.png */ = {isa = PBXFileReference; lastKnownFileType = image.png; path = "records@2x.png"; sourceTree = "<group>"; };
		EC664F901B832E820071CCEB /* icon_x.png */ = {isa = PBXFileReference; lastKnownFileType = image.png; path = icon_x.png; sourceTree = "<group>"; };
		EC664F911B832E820071CCEB /* icon_x@2x.png */ = {isa = PBXFileReference; lastKnownFileType = image.png; path = "icon_x@2x.png"; sourceTree = "<group>"; };
		EC664F921B832E820071CCEB /* Images.xcassets */ = {isa = PBXFileReference; lastKnownFileType = folder.assetcatalog; path = Images.xcassets; sourceTree = "<group>"; };
		EC664F9D1B832E8D0071CCEB /* TPKeyboardAvoidingCollectionView.h */ = {isa = PBXFileReference; fileEncoding = 4; lastKnownFileType = sourcecode.c.h; path = TPKeyboardAvoidingCollectionView.h; sourceTree = "<group>"; };
		EC664F9E1B832E8D0071CCEB /* TPKeyboardAvoidingCollectionView.m */ = {isa = PBXFileReference; fileEncoding = 4; lastKnownFileType = sourcecode.c.objc; path = TPKeyboardAvoidingCollectionView.m; sourceTree = "<group>"; };
		EC664F9F1B832E8D0071CCEB /* TPKeyboardAvoidingScrollView.h */ = {isa = PBXFileReference; fileEncoding = 4; lastKnownFileType = sourcecode.c.h; path = TPKeyboardAvoidingScrollView.h; sourceTree = "<group>"; };
		EC664FA01B832E8D0071CCEB /* TPKeyboardAvoidingScrollView.m */ = {isa = PBXFileReference; fileEncoding = 4; lastKnownFileType = sourcecode.c.objc; path = TPKeyboardAvoidingScrollView.m; sourceTree = "<group>"; };
		EC664FA11B832E8D0071CCEB /* TPKeyboardAvoidingTableView.h */ = {isa = PBXFileReference; fileEncoding = 4; lastKnownFileType = sourcecode.c.h; path = TPKeyboardAvoidingTableView.h; sourceTree = "<group>"; };
		EC664FA21B832E8D0071CCEB /* TPKeyboardAvoidingTableView.m */ = {isa = PBXFileReference; fileEncoding = 4; lastKnownFileType = sourcecode.c.objc; path = TPKeyboardAvoidingTableView.m; sourceTree = "<group>"; };
		EC664FA31B832E8D0071CCEB /* UIScrollView+TPKeyboardAvoidingAdditions.h */ = {isa = PBXFileReference; fileEncoding = 4; lastKnownFileType = sourcecode.c.h; path = "UIScrollView+TPKeyboardAvoidingAdditions.h"; sourceTree = "<group>"; };
		EC664FA41B832E8D0071CCEB /* UIScrollView+TPKeyboardAvoidingAdditions.m */ = {isa = PBXFileReference; fileEncoding = 4; lastKnownFileType = sourcecode.c.objc; path = "UIScrollView+TPKeyboardAvoidingAdditions.m"; sourceTree = "<group>"; };
		ECCA33191B8536BB0085DEA2 /* SudoThingViewController.h */ = {isa = PBXFileReference; fileEncoding = 4; lastKnownFileType = sourcecode.c.h; path = SudoThingViewController.h; sourceTree = "<group>"; };
		ECCA331A1B8536BB0085DEA2 /* SudoThingViewController.m */ = {isa = PBXFileReference; fileEncoding = 4; lastKnownFileType = sourcecode.c.objc; path = SudoThingViewController.m; sourceTree = "<group>"; };
		ECCA331C1B8541090085DEA2 /* WebViewController.h */ = {isa = PBXFileReference; fileEncoding = 4; lastKnownFileType = sourcecode.c.h; path = WebViewController.h; sourceTree = "<group>"; };
		ECCA331D1B8541090085DEA2 /* WebViewController.m */ = {isa = PBXFileReference; fileEncoding = 4; lastKnownFileType = sourcecode.c.objc; path = WebViewController.m; sourceTree = "<group>"; };
		ECCA33231B8557760085DEA2 /* AddThingViewController.h */ = {isa = PBXFileReference; fileEncoding = 4; lastKnownFileType = sourcecode.c.h; path = AddThingViewController.h; sourceTree = "<group>"; };
		ECCA33241B8557760085DEA2 /* AddThingViewController.m */ = {isa = PBXFileReference; fileEncoding = 4; lastKnownFileType = sourcecode.c.objc; path = AddThingViewController.m; sourceTree = "<group>"; };
/* End PBXFileReference section */

/* Begin PBXFrameworksBuildPhase section */
		EC664F4B1B832C3C0071CCEB /* Frameworks */ = {
			isa = PBXFrameworksBuildPhase;
			buildActionMask = 2147483647;
			files = (
				85CFCA37C7C2EAAFBEB0F07F /* libPods.a in Frameworks */,
			);
			runOnlyForDeploymentPostprocessing = 0;
		};
		EC664F641B832C3C0071CCEB /* Frameworks */ = {
			isa = PBXFrameworksBuildPhase;
			buildActionMask = 2147483647;
			files = (
			);
			runOnlyForDeploymentPostprocessing = 0;
		};
/* End PBXFrameworksBuildPhase section */

/* Begin PBXGroup section */
		9C0E864E29CB4F4B5085F2CA /* Pods */ = {
			isa = PBXGroup;
			children = (
				2A559E7054AEC825EB23A059 /* Pods.debug.xcconfig */,
				E0CB3BE9E2A8460A38844017 /* Pods.release.xcconfig */,
			);
			name = Pods;
			sourceTree = "<group>";
		};
		CCCFAA3F18886AC6EDBBE4CB /* Frameworks */ = {
			isa = PBXGroup;
			children = (
				017FE166D734EA4A9DE702D1 /* libPods.a */,
			);
			name = Frameworks;
			sourceTree = "<group>";
		};
		EC664F451B832C3C0071CCEB = {
			isa = PBXGroup;
			children = (
				EC664F501B832C3C0071CCEB /* SudoThing */,
				EC664F6A1B832C3C0071CCEB /* SudoThingTests */,
				EC664F4F1B832C3C0071CCEB /* Products */,
				9C0E864E29CB4F4B5085F2CA /* Pods */,
				CCCFAA3F18886AC6EDBBE4CB /* Frameworks */,
			);
			sourceTree = "<group>";
		};
		EC664F4F1B832C3C0071CCEB /* Products */ = {
			isa = PBXGroup;
			children = (
				EC664F4E1B832C3C0071CCEB /* SudoThing.app */,
				EC664F671B832C3C0071CCEB /* SudoThingTests.xctest */,
			);
			name = Products;
			sourceTree = "<group>";
		};
		EC664F501B832C3C0071CCEB /* SudoThing */ = {
			isa = PBXGroup;
			children = (
				EC664F551B832C3C0071CCEB /* AppDelegate.h */,
				EC664F561B832C3C0071CCEB /* AppDelegate.m */,
				EC664F7B1B832E5A0071CCEB /* DesignStoryboard.storyboard */,
				ECCA33221B8554360085DEA2 /* Manager */,
				ECCA33171B8534B10085DEA2 /* Reference */,
				ECCA33181B8536880085DEA2 /* SudoThing */,
				ECCA33161B8534AC0085DEA2 /* Login Flow */,
				EC664F601B832C3C0071CCEB /* LaunchScreen.xib */,
				ECCA33151B8534A10085DEA2 /* Graphics */,
				EC664F921B832E820071CCEB /* Images.xcassets */,
				EC664F9D1B832E8D0071CCEB /* TPKeyboardAvoidingCollectionView.h */,
				EC664F9E1B832E8D0071CCEB /* TPKeyboardAvoidingCollectionView.m */,
				EC664F9F1B832E8D0071CCEB /* TPKeyboardAvoidingScrollView.h */,
				EC664FA01B832E8D0071CCEB /* TPKeyboardAvoidingScrollView.m */,
				EC664FA11B832E8D0071CCEB /* TPKeyboardAvoidingTableView.h */,
				EC664FA21B832E8D0071CCEB /* TPKeyboardAvoidingTableView.m */,
				EC664FA31B832E8D0071CCEB /* UIScrollView+TPKeyboardAvoidingAdditions.h */,
				EC664FA41B832E8D0071CCEB /* UIScrollView+TPKeyboardAvoidingAdditions.m */,
				EC664F511B832C3C0071CCEB /* Supporting Files */,
			);
			path = SudoThing;
			sourceTree = "<group>";
		};
		EC664F511B832C3C0071CCEB /* Supporting Files */ = {
			isa = PBXGroup;
			children = (
				EC664F521B832C3C0071CCEB /* Info.plist */,
				EC664F531B832C3C0071CCEB /* main.m */,
			);
			name = "Supporting Files";
			sourceTree = "<group>";
		};
		EC664F6A1B832C3C0071CCEB /* SudoThingTests */ = {
			isa = PBXGroup;
			children = (
				EC664F6D1B832C3C0071CCEB /* SudoThingTests.m */,
				EC664F6B1B832C3C0071CCEB /* Supporting Files */,
			);
			path = SudoThingTests;
			sourceTree = "<group>";
		};
		EC664F6B1B832C3C0071CCEB /* Supporting Files */ = {
			isa = PBXGroup;
			children = (
				EC664F6C1B832C3C0071CCEB /* Info.plist */,
			);
			name = "Supporting Files";
			sourceTree = "<group>";
		};
		ECCA33151B8534A10085DEA2 /* Graphics */ = {
			isa = PBXGroup;
			children = (
				EC664F891B832E820071CCEB /* machine@2x.png */,
				EC664F8A1B832E820071CCEB /* cooking.png */,
				EC664F8B1B832E820071CCEB /* cooking@2x.png */,
				EC664F8C1B832E820071CCEB /* kombucha-dark@2x.png */,
				EC664F8D1B832E820071CCEB /* markers@2x.png */,
				EC664F8E1B832E820071CCEB /* 3dprint@2x.png */,
				EC664F8F1B832E820071CCEB /* records@2x.png */,
				EC664F901B832E820071CCEB /* icon_x.png */,
				EC664F911B832E820071CCEB /* icon_x@2x.png */,
			);
			name = Graphics;
			sourceTree = "<group>";
		};
		ECCA33161B8534AC0085DEA2 /* Login Flow */ = {
			isa = PBXGroup;
			children = (
				EC664F7D1B832E640071CCEB /* EntryViewController.h */,
				EC664F7E1B832E640071CCEB /* EntryViewController.m */,
				EC664F7F1B832E640071CCEB /* LoginViewController.h */,
				EC664F801B832E640071CCEB /* LoginViewController.m */,
				EC664F811B832E640071CCEB /* ProfileViewController.h */,
				EC664F821B832E640071CCEB /* ProfileViewController.m */,
				EC664F831B832E640071CCEB /* SignupViewController.h */,
				EC664F841B832E640071CCEB /* SignupViewController.m */,
				ECCA331C1B8541090085DEA2 /* WebViewController.h */,
				ECCA331D1B8541090085DEA2 /* WebViewController.m */,
			);
			name = "Login Flow";
			sourceTree = "<group>";
		};
		ECCA33171B8534B10085DEA2 /* Reference */ = {
			isa = PBXGroup;
			children = (
				EC664F771B832E360071CCEB /* SecretKeys.h */,
				EC1419671B8599E800C1D8E6 /* Constants.h */,
				EC1419681B8599E800C1D8E6 /* Constants.m */,
			);
			name = Reference;
			sourceTree = "<group>";
		};
		ECCA33181B8536880085DEA2 /* SudoThing */ = {
			isa = PBXGroup;
			children = (
				ECCA33191B8536BB0085DEA2 /* SudoThingViewController.h */,
				ECCA331A1B8536BB0085DEA2 /* SudoThingViewController.m */,
				ECCA33231B8557760085DEA2 /* AddThingViewController.h */,
				ECCA33241B8557760085DEA2 /* AddThingViewController.m */,
			);
			name = SudoThing;
			sourceTree = "<group>";
		};
		ECCA33221B8554360085DEA2 /* Manager */ = {
			isa = PBXGroup;
			children = (
				EC1419641B8599E200C1D8E6 /* SudoCareManager.h */,
				EC1419651B8599E200C1D8E6 /* SudoCareManager.m */,
			);
			name = Manager;
			sourceTree = "<group>";
		};
/* End PBXGroup section */

/* Begin PBXNativeTarget section */
		EC664F4D1B832C3C0071CCEB /* SudoThing */ = {
			isa = PBXNativeTarget;
			buildConfigurationList = EC664F711B832C3C0071CCEB /* Build configuration list for PBXNativeTarget "SudoThing" */;
			buildPhases = (
				79DAF2953913E141A6D2DB2A /* Check Pods Manifest.lock */,
				EC664F4A1B832C3C0071CCEB /* Sources */,
				EC664F4B1B832C3C0071CCEB /* Frameworks */,
				EC664F4C1B832C3C0071CCEB /* Resources */,
				AFCF94F96F91389B9B22B685 /* Copy Pods Resources */,
			);
			buildRules = (
			);
			dependencies = (
			);
			name = SudoThing;
			productName = SudoThing;
			productReference = EC664F4E1B832C3C0071CCEB /* SudoThing.app */;
			productType = "com.apple.product-type.application";
		};
		EC664F661B832C3C0071CCEB /* SudoThingTests */ = {
			isa = PBXNativeTarget;
			buildConfigurationList = EC664F741B832C3C0071CCEB /* Build configuration list for PBXNativeTarget "SudoThingTests" */;
			buildPhases = (
				EC664F631B832C3C0071CCEB /* Sources */,
				EC664F641B832C3C0071CCEB /* Frameworks */,
				EC664F651B832C3C0071CCEB /* Resources */,
			);
			buildRules = (
			);
			dependencies = (
				EC664F691B832C3C0071CCEB /* PBXTargetDependency */,
			);
			name = SudoThingTests;
			productName = SudoThingTests;
			productReference = EC664F671B832C3C0071CCEB /* SudoThingTests.xctest */;
			productType = "com.apple.product-type.bundle.unit-test";
		};
/* End PBXNativeTarget section */

/* Begin PBXProject section */
		EC664F461B832C3C0071CCEB /* Project object */ = {
			isa = PBXProject;
			attributes = {
				LastUpgradeCheck = 0630;
				ORGANIZATIONNAME = Romy;
				TargetAttributes = {
					EC664F4D1B832C3C0071CCEB = {
						CreatedOnToolsVersion = 6.3.2;
					};
					EC664F661B832C3C0071CCEB = {
						CreatedOnToolsVersion = 6.3.2;
						TestTargetID = EC664F4D1B832C3C0071CCEB;
					};
				};
			};
			buildConfigurationList = EC664F491B832C3C0071CCEB /* Build configuration list for PBXProject "SudoThing" */;
			compatibilityVersion = "Xcode 3.2";
			developmentRegion = English;
			hasScannedForEncodings = 0;
			knownRegions = (
				en,
				Base,
			);
			mainGroup = EC664F451B832C3C0071CCEB;
			productRefGroup = EC664F4F1B832C3C0071CCEB /* Products */;
			projectDirPath = "";
			projectRoot = "";
			targets = (
				EC664F4D1B832C3C0071CCEB /* SudoThing */,
				EC664F661B832C3C0071CCEB /* SudoThingTests */,
			);
		};
/* End PBXProject section */

/* Begin PBXResourcesBuildPhase section */
		EC664F4C1B832C3C0071CCEB /* Resources */ = {
			isa = PBXResourcesBuildPhase;
			buildActionMask = 2147483647;
			files = (
				EC664F981B832E820071CCEB /* 3dprint@2x.png in Resources */,
				EC664F991B832E820071CCEB /* records@2x.png in Resources */,
				EC664F971B832E820071CCEB /* markers@2x.png in Resources */,
				EC664F9C1B832E820071CCEB /* Images.xcassets in Resources */,
				EC664F931B832E820071CCEB /* machine@2x.png in Resources */,
				EC664F9A1B832E820071CCEB /* icon_x.png in Resources */,
				EC664F7C1B832E5A0071CCEB /* DesignStoryboard.storyboard in Resources */,
				EC664F951B832E820071CCEB /* cooking@2x.png in Resources */,
				EC664F961B832E820071CCEB /* kombucha-dark@2x.png in Resources */,
				EC664F621B832C3C0071CCEB /* LaunchScreen.xib in Resources */,
				EC664F9B1B832E820071CCEB /* icon_x@2x.png in Resources */,
				EC664F941B832E820071CCEB /* cooking.png in Resources */,
			);
			runOnlyForDeploymentPostprocessing = 0;
		};
		EC664F651B832C3C0071CCEB /* Resources */ = {
			isa = PBXResourcesBuildPhase;
			buildActionMask = 2147483647;
			files = (
			);
			runOnlyForDeploymentPostprocessing = 0;
		};
/* End PBXResourcesBuildPhase section */

/* Begin PBXShellScriptBuildPhase section */
		79DAF2953913E141A6D2DB2A /* Check Pods Manifest.lock */ = {
			isa = PBXShellScriptBuildPhase;
			buildActionMask = 2147483647;
			files = (
			);
			inputPaths = (
			);
			name = "Check Pods Manifest.lock";
			outputPaths = (
			);
			runOnlyForDeploymentPostprocessing = 0;
			shellPath = /bin/sh;
			shellScript = "diff \"${PODS_ROOT}/../Podfile.lock\" \"${PODS_ROOT}/Manifest.lock\" > /dev/null\nif [[ $? != 0 ]] ; then\n    cat << EOM\nerror: The sandbox is not in sync with the Podfile.lock. Run 'pod install' or update your CocoaPods installation.\nEOM\n    exit 1\nfi\n";
			showEnvVarsInLog = 0;
		};
		AFCF94F96F91389B9B22B685 /* Copy Pods Resources */ = {
			isa = PBXShellScriptBuildPhase;
			buildActionMask = 2147483647;
			files = (
			);
			inputPaths = (
			);
			name = "Copy Pods Resources";
			outputPaths = (
			);
			runOnlyForDeploymentPostprocessing = 0;
			shellPath = /bin/sh;
			shellScript = "\"${SRCROOT}/Pods/Target Support Files/Pods/Pods-resources.sh\"\n";
			showEnvVarsInLog = 0;
		};
/* End PBXShellScriptBuildPhase section */

/* Begin PBXSourcesBuildPhase section */
		EC664F4A1B832C3C0071CCEB /* Sources */ = {
			isa = PBXSourcesBuildPhase;
			buildActionMask = 2147483647;
			files = (
				ECCA33251B8557760085DEA2 /* AddThingViewController.m in Sources */,
				EC1419661B8599E200C1D8E6 /* SudoCareManager.m in Sources */,
				EC664FA81B832E8D0071CCEB /* UIScrollView+TPKeyboardAvoidingAdditions.m in Sources */,
				EC664FA61B832E8D0071CCEB /* TPKeyboardAvoidingScrollView.m in Sources */,
				EC664FA51B832E8D0071CCEB /* TPKeyboardAvoidingCollectionView.m in Sources */,
				EC1419691B8599E800C1D8E6 /* Constants.m in Sources */,
				EC664F571B832C3C0071CCEB /* AppDelegate.m in Sources */,
				EC664F861B832E640071CCEB /* LoginViewController.m in Sources */,
				EC664F851B832E640071CCEB /* EntryViewController.m in Sources */,
				ECCA331E1B8541090085DEA2 /* WebViewController.m in Sources */,
				EC664F871B832E640071CCEB /* ProfileViewController.m in Sources */,
				EC664F541B832C3C0071CCEB /* main.m in Sources */,
				EC664FA71B832E8D0071CCEB /* TPKeyboardAvoidingTableView.m in Sources */,
				EC664F881B832E640071CCEB /* SignupViewController.m in Sources */,
				ECCA331B1B8536BB0085DEA2 /* SudoThingViewController.m in Sources */,
			);
			runOnlyForDeploymentPostprocessing = 0;
		};
		EC664F631B832C3C0071CCEB /* Sources */ = {
			isa = PBXSourcesBuildPhase;
			buildActionMask = 2147483647;
			files = (
				EC664F6E1B832C3C0071CCEB /* SudoThingTests.m in Sources */,
			);
			runOnlyForDeploymentPostprocessing = 0;
		};
/* End PBXSourcesBuildPhase section */

/* Begin PBXTargetDependency section */
		EC664F691B832C3C0071CCEB /* PBXTargetDependency */ = {
			isa = PBXTargetDependency;
			target = EC664F4D1B832C3C0071CCEB /* SudoThing */;
			targetProxy = EC664F681B832C3C0071CCEB /* PBXContainerItemProxy */;
		};
/* End PBXTargetDependency section */

/* Begin PBXVariantGroup section */
		EC664F601B832C3C0071CCEB /* LaunchScreen.xib */ = {
			isa = PBXVariantGroup;
			children = (
				EC664F611B832C3C0071CCEB /* Base */,
			);
			name = LaunchScreen.xib;
			sourceTree = "<group>";
		};
/* End PBXVariantGroup section */

/* Begin XCBuildConfiguration section */
		EC664F6F1B832C3C0071CCEB /* Debug */ = {
			isa = XCBuildConfiguration;
			buildSettings = {
				ALWAYS_SEARCH_USER_PATHS = NO;
				CLANG_CXX_LANGUAGE_STANDARD = "gnu++0x";
				CLANG_CXX_LIBRARY = "libc++";
				CLANG_ENABLE_MODULES = YES;
				CLANG_ENABLE_OBJC_ARC = YES;
				CLANG_WARN_BOOL_CONVERSION = YES;
				CLANG_WARN_CONSTANT_CONVERSION = YES;
				CLANG_WARN_DIRECT_OBJC_ISA_USAGE = YES_ERROR;
				CLANG_WARN_EMPTY_BODY = YES;
				CLANG_WARN_ENUM_CONVERSION = YES;
				CLANG_WARN_INT_CONVERSION = YES;
				CLANG_WARN_OBJC_ROOT_CLASS = YES_ERROR;
				CLANG_WARN_UNREACHABLE_CODE = YES;
				CLANG_WARN__DUPLICATE_METHOD_MATCH = YES;
				"CODE_SIGN_IDENTITY[sdk=iphoneos*]" = "iPhone Developer";
				COPY_PHASE_STRIP = NO;
				DEBUG_INFORMATION_FORMAT = "dwarf-with-dsym";
				ENABLE_STRICT_OBJC_MSGSEND = YES;
				GCC_C_LANGUAGE_STANDARD = gnu99;
				GCC_DYNAMIC_NO_PIC = NO;
				GCC_NO_COMMON_BLOCKS = YES;
				GCC_OPTIMIZATION_LEVEL = 0;
				GCC_PREPROCESSOR_DEFINITIONS = (
					"DEBUG=1",
					"$(inherited)",
				);
				GCC_SYMBOLS_PRIVATE_EXTERN = NO;
				GCC_WARN_64_TO_32_BIT_CONVERSION = YES;
				GCC_WARN_ABOUT_RETURN_TYPE = YES_ERROR;
				GCC_WARN_UNDECLARED_SELECTOR = YES;
				GCC_WARN_UNINITIALIZED_AUTOS = YES_AGGRESSIVE;
				GCC_WARN_UNUSED_FUNCTION = YES;
				GCC_WARN_UNUSED_VARIABLE = YES;
				IPHONEOS_DEPLOYMENT_TARGET = 8.3;
				MTL_ENABLE_DEBUG_INFO = YES;
				ONLY_ACTIVE_ARCH = YES;
				SDKROOT = iphoneos;
			};
			name = Debug;
		};
		EC664F701B832C3C0071CCEB /* Release */ = {
			isa = XCBuildConfiguration;
			buildSettings = {
				ALWAYS_SEARCH_USER_PATHS = NO;
				CLANG_CXX_LANGUAGE_STANDARD = "gnu++0x";
				CLANG_CXX_LIBRARY = "libc++";
				CLANG_ENABLE_MODULES = YES;
				CLANG_ENABLE_OBJC_ARC = YES;
				CLANG_WARN_BOOL_CONVERSION = YES;
				CLANG_WARN_CONSTANT_CONVERSION = YES;
				CLANG_WARN_DIRECT_OBJC_ISA_USAGE = YES_ERROR;
				CLANG_WARN_EMPTY_BODY = YES;
				CLANG_WARN_ENUM_CONVERSION = YES;
				CLANG_WARN_INT_CONVERSION = YES;
				CLANG_WARN_OBJC_ROOT_CLASS = YES_ERROR;
				CLANG_WARN_UNREACHABLE_CODE = YES;
				CLANG_WARN__DUPLICATE_METHOD_MATCH = YES;
				"CODE_SIGN_IDENTITY[sdk=iphoneos*]" = "iPhone Developer";
				COPY_PHASE_STRIP = NO;
				DEBUG_INFORMATION_FORMAT = "dwarf-with-dsym";
				ENABLE_NS_ASSERTIONS = NO;
				ENABLE_STRICT_OBJC_MSGSEND = YES;
				GCC_C_LANGUAGE_STANDARD = gnu99;
				GCC_NO_COMMON_BLOCKS = YES;
				GCC_WARN_64_TO_32_BIT_CONVERSION = YES;
				GCC_WARN_ABOUT_RETURN_TYPE = YES_ERROR;
				GCC_WARN_UNDECLARED_SELECTOR = YES;
				GCC_WARN_UNINITIALIZED_AUTOS = YES_AGGRESSIVE;
				GCC_WARN_UNUSED_FUNCTION = YES;
				GCC_WARN_UNUSED_VARIABLE = YES;
				IPHONEOS_DEPLOYMENT_TARGET = 8.3;
				MTL_ENABLE_DEBUG_INFO = NO;
				SDKROOT = iphoneos;
				VALIDATE_PRODUCT = YES;
			};
			name = Release;
		};
		EC664F721B832C3C0071CCEB /* Debug */ = {
			isa = XCBuildConfiguration;
			baseConfigurationReference = 2A559E7054AEC825EB23A059 /* Pods.debug.xcconfig */;
			buildSettings = {
				ASSETCATALOG_COMPILER_APPICON_NAME = AppIcon;
				INFOPLIST_FILE = SudoThing/Info.plist;
				LD_RUNPATH_SEARCH_PATHS = "$(inherited) @executable_path/Frameworks";
				PRODUCT_NAME = "$(TARGET_NAME)";
			};
			name = Debug;
		};
		EC664F731B832C3C0071CCEB /* Release */ = {
			isa = XCBuildConfiguration;
			baseConfigurationReference = E0CB3BE9E2A8460A38844017 /* Pods.release.xcconfig */;
			buildSettings = {
				ASSETCATALOG_COMPILER_APPICON_NAME = AppIcon;
				INFOPLIST_FILE = SudoThing/Info.plist;
				LD_RUNPATH_SEARCH_PATHS = "$(inherited) @executable_path/Frameworks";
				PRODUCT_NAME = "$(TARGET_NAME)";
			};
			name = Release;
		};
		EC664F751B832C3C0071CCEB /* Debug */ = {
			isa = XCBuildConfiguration;
			buildSettings = {
				BUNDLE_LOADER = "$(TEST_HOST)";
				FRAMEWORK_SEARCH_PATHS = (
					"$(SDKROOT)/Developer/Library/Frameworks",
					"$(inherited)",
				);
				GCC_PREPROCESSOR_DEFINITIONS = (
					"DEBUG=1",
					"$(inherited)",
				);
				INFOPLIST_FILE = SudoThingTests/Info.plist;
				LD_RUNPATH_SEARCH_PATHS = "$(inherited) @executable_path/Frameworks @loader_path/Frameworks";
				PRODUCT_NAME = "$(TARGET_NAME)";
				TEST_HOST = "$(BUILT_PRODUCTS_DIR)/SudoThing.app/SudoThing";
			};
			name = Debug;
		};
		EC664F761B832C3C0071CCEB /* Release */ = {
			isa = XCBuildConfiguration;
			buildSettings = {
				BUNDLE_LOADER = "$(TEST_HOST)";
				FRAMEWORK_SEARCH_PATHS = (
					"$(SDKROOT)/Developer/Library/Frameworks",
					"$(inherited)",
				);
				INFOPLIST_FILE = SudoThingTests/Info.plist;
				LD_RUNPATH_SEARCH_PATHS = "$(inherited) @executable_path/Frameworks @loader_path/Frameworks";
				PRODUCT_NAME = "$(TARGET_NAME)";
				TEST_HOST = "$(BUILT_PRODUCTS_DIR)/SudoThing.app/SudoThing";
			};
			name = Release;
		};
/* End XCBuildConfiguration section */

/* Begin XCConfigurationList section */
		EC664F491B832C3C0071CCEB /* Build configuration list for PBXProject "SudoThing" */ = {
			isa = XCConfigurationList;
			buildConfigurations = (
				EC664F6F1B832C3C0071CCEB /* Debug */,
				EC664F701B832C3C0071CCEB /* Release */,
			);
			defaultConfigurationIsVisible = 0;
			defaultConfigurationName = Release;
		};
		EC664F711B832C3C0071CCEB /* Build configuration list for PBXNativeTarget "SudoThing" */ = {
			isa = XCConfigurationList;
			buildConfigurations = (
				EC664F721B832C3C0071CCEB /* Debug */,
				EC664F731B832C3C0071CCEB /* Release */,
			);
			defaultConfigurationIsVisible = 0;
			defaultConfigurationName = Release;
		};
		EC664F741B832C3C0071CCEB /* Build configuration list for PBXNativeTarget "SudoThingTests" */ = {
			isa = XCConfigurationList;
			buildConfigurations = (
				EC664F751B832C3C0071CCEB /* Debug */,
				EC664F761B832C3C0071CCEB /* Release */,
			);
			defaultConfigurationIsVisible = 0;
			defaultConfigurationName = Release;
		};
/* End XCConfigurationList section */
	};
	rootObject = EC664F461B832C3C0071CCEB /* Project object */;
}
